
Microsoft Visual Studio Solution File, Format Version 12.00
# Visual Studio Version 16
VisualStudioVersion = 16.0.29001.49
MinimumVisualStudioVersion = 10.0.40219.1
Project("{FAE04EC0-301F-11D3-BF4B-00C04F79EFBC}") = "ModifyPackage", "ModifyPackage.csproj", "{784C44EF-D3DF-414D-A7A9-090AD329489B}"
EndProject
Global
	GlobalSection(SolutionConfigurationPlatforms) = preSolution
		Debug|Any CPU = Debug|Any CPU
		Release|Any CPU = Release|Any CPU
	EndGlobalSection
	GlobalSection(ProjectConfigurationPlatforms) = postSolution
		{784C44EF-D3DF-414D-A7A9-090AD329489B}.Debug|Any CPU.ActiveCfg = Debug|Any CPU
		{784C44EF-D3DF-414D-A7A9-090AD329489B}.Debug|Any CPU.Build.0 = Debug|Any CPU
		{784C44EF-D3DF-414D-A7A9-090AD329489B}.Release|Any CPU.ActiveCfg = Release|Any CPU
		{784C44EF-D3DF-414D-A7A9-090AD329489B}.Release|Any CPU.Build.0 = Release|Any CPU
	EndGlobalSection
	GlobalSection(SolutionProperties) = preSolution
		HideSolutionNode = FALSE
	EndGlobalSection
	GlobalSection(ExtensibilityGlobals) = postSolution
		SolutionGuid = {0AC9505D-517D-4F7F-BA02-3D5950E8EC8B}
	EndGlobalSection
EndGlobal
